<?xml version="1.0" encoding="utf-8"?>
<Project ToolsVersion="4.0" xmlns="http://schemas.microsoft.com/developer/msbuild/2003">
  <ItemGroup>
    <Filter Include="Source Files">
      <UniqueIdentifier>{4FC737F1-C7A5-4376-A066-2A32D752A2FF}</UniqueIdentifier>
      <Extensions>cpp;c;cc;cxx;def;odl;idl;hpj;bat;asm;asmx</Extensions>
    </Filter>
    <Filter Include="Header Files">
      <UniqueIdentifier>{93995380-89BD-4b04-88EB-625FBE52EBFB}</UniqueIdentifier>
      <Extensions>h;hh;hpp;hxx;hm;inl;inc;xsd</Extensions>
    </Filter>
    <Filter Include="Resource Files">
      <UniqueIdentifier>{67DA6AB6-F800-4c08-8B7A-83BB121AAD01}</UniqueIdentifier>
      <Extensions>rc;ico;cur;bmp;dlg;rc2;rct;bin;rgs;gif;jpg;jpeg;jpe;resx;tiff;tif;png;wav;mfcribbon-ms</Extensions>
    </Filter>
  </ItemGroup>
  <ItemGroup>
    <ClCompile Include="src\z_sin.c">
      <Filter>Source Files</Filter>
    </ClCompile>
    <ClCompile Include="src\z_sqrt.c">
      <Filter>Source Files</Filter>
    </ClCompile>
    <ClCompile Include="src\abort_.c">
      <Filter>Source Files</Filter>
    </ClCompile>
    <ClCompile Include="src\backspac.c">
      <Filter>Source Files</Filter>
    </ClCompile>
    <ClCompile Include="src\c_abs.c">
      <Filter>Source Files</Filter>
    </ClCompile>
    <ClCompile Include="src\c_cos.c">
      <Filter>Source Files</Filter>
    </ClCompile>
    <ClCompile Include="src\c_div.c">
      <Filter>Source Files</Filter>
    </ClCompile>
    <ClCompile Include="src\c_exp.c">
      <Filter>Source Files</Filter>
    </ClCompile>
    <ClCompile Include="src\c_log.c">
      <Filter>Source Files</Filter>
    </ClCompile>
    <ClCompile Include="src\c_sin.c">
      <Filter>Source Files</Filter>
    </ClCompile>
    <ClCompile Include="src\c_sqrt.c">
      <Filter>Source Files</Filter>
    </ClCompile>
    <ClCompile Include="src\cabs.c">
      <Filter>Source Files</Filter>
    </ClCompile>
    <ClCompile Include="src\close.c">
      <Filter>Source Files</Filter>
    </ClCompile>
    <ClCompile Include="src\d_abs.c">
      <Filter>Source Files</Filter>
    </ClCompile>
    <ClCompile Include="src\d_acos.c">
      <Filter>Source Files</Filter>
    </ClCompile>
    <ClCompile Include="src\d_asin.c">
      <Filter>Source Files</Filter>
    </ClCompile>
    <ClCompile Include="src\d_atan.c">
      <Filter>Source Files</Filter>
    </ClCompile>
    <ClCompile Include="src\d_atn2.c">
      <Filter>Source Files</Filter>
    </ClCompile>
    <ClCompile Include="src\d_cnjg.c">
      <Filter>Source Files</Filter>
    </ClCompile>
    <ClCompile Include="src\d_cos.c">
      <Filter>Source Files</Filter>
    </ClCompile>
    <ClCompile Include="src\d_cosh.c">
      <Filter>Source Files</Filter>
    </ClCompile>
    <ClCompile Include="src\d_dim.c">
      <Filter>Source Files</Filter>
    </ClCompile>
    <ClCompile Include="src\d_exp.c">
      <Filter>Source Files</Filter>
    </ClCompile>
    <ClCompile Include="src\d_imag.c">
      <Filter>Source Files</Filter>
    </ClCompile>
    <ClCompile Include="src\d_int.c">
      <Filter>Source Files</Filter>
    </ClCompile>
    <ClCompile Include="src\d_lg10.c">
      <Filter>Source Files</Filter>
    </ClCompile>
    <ClCompile Include="src\d_log.c">
      <Filter>Source Files</Filter>
    </ClCompile>
    <ClCompile Include="src\d_mod.c">
      <Filter>Source Files</Filter>
    </ClCompile>
    <ClCompile Include="src\d_nint.c">
      <Filter>Source Files</Filter>
    </ClCompile>
    <ClCompile Include="src\d_prod.c">
      <Filter>Source Files</Filter>
    </ClCompile>
    <ClCompile Include="src\d_sign.c">
      <Filter>Source Files</Filter>
    </ClCompile>
    <ClCompile Include="src\d_sin.c">
      <Filter>Source Files</Filter>
    </ClCompile>
    <ClCompile Include="src\d_sinh.c">
      <Filter>Source Files</Filter>
    </ClCompile>
    <ClCompile Include="src\d_sqrt.c">
      <Filter>Source Files</Filter>
    </ClCompile>
    <ClCompile Include="src\d_tan.c">
      <Filter>Source Files</Filter>
    </ClCompile>
    <ClCompile Include="src\d_tanh.c">
      <Filter>Source Files</Filter>
    </ClCompile>
    <ClCompile Include="src\derf_.c">
      <Filter>Source Files</Filter>
    </ClCompile>
    <ClCompile Include="src\derfc_.c">
      <Filter>Source Files</Filter>
    </ClCompile>
    <ClCompile Include="src\dfe.c">
      <Filter>Source Files</Filter>
    </ClCompile>
    <ClCompile Include="src\dolio.c">
      <Filter>Source Files</Filter>
    </ClCompile>
    <ClCompile Include="src\dtime_.c">
      <Filter>Source Files</Filter>
    </ClCompile>
    <ClCompile Include="src\due.c">
      <Filter>Source Files</Filter>
    </ClCompile>
    <ClCompile Include="src\ef1asc_.c">
      <Filter>Source Files</Filter>
    </ClCompile>
    <ClCompile Include="src\ef1cmc_.c">
      <Filter>Source Files</Filter>
    </ClCompile>
    <ClCompile Include="src\endfile.c">
      <Filter>Source Files</Filter>
    </ClCompile>
    <ClCompile Include="src\erf_.c">
      <Filter>Source Files</Filter>
    </ClCompile>
    <ClCompile Include="src\erfc_.c">
      <Filter>Source Files</Filter>
    </ClCompile>
    <ClCompile Include="src\err.c">
      <Filter>Source Files</Filter>
    </ClCompile>
    <ClCompile Include="src\etime_.c">
      <Filter>Source Files</Filter>
    </ClCompile>
    <ClCompile Include="src\exit_.c">
      <Filter>Source Files</Filter>
    </ClCompile>
    <ClCompile Include="src\f77_aloc.c">
      <Filter>Source Files</Filter>
    </ClCompile>
    <ClCompile Include="src\f77vers.c">
      <Filter>Source Files</Filter>
    </ClCompile>
    <ClCompile Include="src\fmt.c">
      <Filter>Source Files</Filter>
    </ClCompile>
    <ClCompile Include="src\fmtlib.c">
      <Filter>Source Files</Filter>
    </ClCompile>
    <ClCompile Include="src\ftell_.c">
      <Filter>Source Files</Filter>
    </ClCompile>
    <ClCompile Include="src\getarg_.c">
      <Filter>Source Files</Filter>
    </ClCompile>
    <ClCompile Include="src\getenv_.c">
      <Filter>Source Files</Filter>
    </ClCompile>
    <ClCompile Include="src\h_abs.c">
      <Filter>Source Files</Filter>
    </ClCompile>
    <ClCompile Include="src\h_dim.c">
      <Filter>Source Files</Filter>
    </ClCompile>
    <ClCompile Include="src\h_dnnt.c">
      <Filter>Source Files</Filter>
    </ClCompile>
    <ClCompile Include="src\h_indx.c">
      <Filter>Source Files</Filter>
    </ClCompile>
    <ClCompile Include="src\h_len.c">
      <Filter>Source Files</Filter>
    </ClCompile>
    <ClCompile Include="src\h_mod.c">
      <Filter>Source Files</Filter>
    </ClCompile>
    <ClCompile Include="src\h_nint.c">
      <Filter>Source Files</Filter>
    </ClCompile>
    <ClCompile Include="src\h_sign.c">
      <Filter>Source Files</Filter>
    </ClCompile>
    <ClCompile Include="src\hl_ge.c">
      <Filter>Source Files</Filter>
    </ClCompile>
    <ClCompile Include="src\hl_gt.c">
      <Filter>Source Files</Filter>
    </ClCompile>
    <ClCompile Include="src\hl_le.c">
      <Filter>Source Files</Filter>
    </ClCompile>
    <ClCompile Include="src\hl_lt.c">
      <Filter>Source Files</Filter>
    </ClCompile>
    <ClCompile Include="src\i_abs.c">
      <Filter>Source Files</Filter>
    </ClCompile>
    <ClCompile Include="src\i_dim.c">
      <Filter>Source Files</Filter>
    </ClCompile>
    <ClCompile Include="src\i_dnnt.c">
      <Filter>Source Files</Filter>
    </ClCompile>
    <ClCompile Include="src\i_indx.c">
      <Filter>Source Files</Filter>
    </ClCompile>
    <ClCompile Include="src\i_len.c">
      <Filter>Source Files</Filter>
    </ClCompile>
    <ClCompile Include="src\i_mod.c">
      <Filter>Source Files</Filter>
    </ClCompile>
    <ClCompile Include="src\i_nint.c">
      <Filter>Source Files</Filter>
    </ClCompile>
    <ClCompile Include="src\i_sign.c">
      <Filter>Source Files</Filter>
    </ClCompile>
    <ClCompile Include="src\i77vers.c">
      <Filter>Source Files</Filter>
    </ClCompile>
    <ClCompile Include="src\iargc_.c">
      <Filter>Source Files</Filter>
    </ClCompile>
    <ClCompile Include="src\iio.c">
      <Filter>Source Files</Filter>
    </ClCompile>
    <ClCompile Include="src\ilnw.c">
      <Filter>Source Files</Filter>
    </ClCompile>
    <ClCompile Include="src\inquire.c">
      <Filter>Source Files</Filter>
    </ClCompile>
    <ClCompile Include="src\l_ge.c">
      <Filter>Source Files</Filter>
    </ClCompile>
    <ClCompile Include="src\l_gt.c">
      <Filter>Source Files</Filter>
    </ClCompile>
    <ClCompile Include="src\l_le.c">
      <Filter>Source Files</Filter>
    </ClCompile>
    <ClCompile Include="src\l_lt.c">
      <Filter>Source Files</Filter>
    </ClCompile>
    <ClCompile Include="src\lbitbits.c">
      <Filter>Source Files</Filter>
    </ClCompile>
    <ClCompile Include="src\lbitshft.c">
      <Filter>Source Files</Filter>
    </ClCompile>
    <ClCompile Include="src\lread.c">
      <Filter>Source Files</Filter>
    </ClCompile>
    <ClCompile Include="src\lwrite.c">
      <Filter>Source Files</Filter>
    </ClCompile>
    <ClCompile Include="src\main.c">
      <Filter>Source Files</Filter>
    </ClCompile>
    <ClCompile Include="src\open.c">
      <Filter>Source Files</Filter>
    </ClCompile>
    <ClCompile Include="src\pow_ci.c">
      <Filter>Source Files</Filter>
    </ClCompile>
    <ClCompile Include="src\pow_dd.c">
      <Filter>Source Files</Filter>
    </ClCompile>
    <ClCompile Include="src\pow_di.c">
      <Filter>Source Files</Filter>
    </ClCompile>
    <ClCompile Include="src\pow_hh.c">
      <Filter>Source Files</Filter>
    </ClCompile>
    <ClCompile Include="src\pow_ii.c">
      <Filter>Source Files</Filter>
    </ClCompile>
    <ClCompile Include="src\pow_ri.c">
      <Filter>Source Files</Filter>
    </ClCompile>
    <ClCompile Include="src\pow_zi.c">
      <Filter>Source Files</Filter>
    </ClCompile>
    <ClCompile Include="src\pow_zz.c">
      <Filter>Source Files</Filter>
    </ClCompile>
    <ClCompile Include="src\r_abs.c">
      <Filter>Source Files</Filter>
    </ClCompile>
    <ClCompile Include="src\r_acos.c">
      <Filter>Source Files</Filter>
    </ClCompile>
    <ClCompile Include="src\r_asin.c">
      <Filter>Source Files</Filter>
    </ClCompile>
    <ClCompile Include="src\r_atan.c">
      <Filter>Source Files</Filter>
    </ClCompile>
    <ClCompile Include="src\r_atn2.c">
      <Filter>Source Files</Filter>
    </ClCompile>
    <ClCompile Include="src\r_cnjg.c">
      <Filter>Source Files</Filter>
    </ClCompile>
    <ClCompile Include="src\r_cos.c">
      <Filter>Source Files</Filter>
    </ClCompile>
    <ClCompile Include="src\r_cosh.c">
      <Filter>Source Files</Filter>
    </ClCompile>
    <ClCompile Include="src\r_dim.c">
      <Filter>Source Files</Filter>
    </ClCompile>
    <ClCompile Include="src\r_exp.c">
      <Filter>Source Files</Filter>
    </ClCompile>
    <ClCompile Include="src\r_imag.c">
      <Filter>Source Files</Filter>
    </ClCompile>
    <ClCompile Include="src\r_int.c">
      <Filter>Source Files</Filter>
    </ClCompile>
    <ClCompile Include="src\r_lg10.c">
      <Filter>Source Files</Filter>
    </ClCompile>
    <ClCompile Include="src\r_log.c">
      <Filter>Source Files</Filter>
    </ClCompile>
    <ClCompile Include="src\r_mod.c">
      <Filter>Source Files</Filter>
    </ClCompile>
    <ClCompile Include="src\r_nint.c">
      <Filter>Source Files</Filter>
    </ClCompile>
    <ClCompile Include="src\r_sign.c">
      <Filter>Source Files</Filter>
    </ClCompile>
    <ClCompile Include="src\r_sin.c">
      <Filter>Source Files</Filter>
    </ClCompile>
    <ClCompile Include="src\r_sinh.c">
      <Filter>Source Files</Filter>
    </ClCompile>
    <ClCompile Include="src\r_sqrt.c">
      <Filter>Source Files</Filter>
    </ClCompile>
    <ClCompile Include="src\r_tan.c">
      <Filter>Source Files</Filter>
    </ClCompile>
    <ClCompile Include="src\r_tanh.c">
      <Filter>Source Files</Filter>
    </ClCompile>
    <ClCompile Include="src\rdfmt.c">
      <Filter>Source Files</Filter>
    </ClCompile>
    <ClCompile Include="src\rewind.c">
      <Filter>Source Files</Filter>
    </ClCompile>
    <ClCompile Include="src\rsfe.c">
      <Filter>Source Files</Filter>
    </ClCompile>
    <ClCompile Include="src\rsli.c">
      <Filter>Source Files</Filter>
    </ClCompile>
    <ClCompile Include="src\rsne.c">
      <Filter>Source Files</Filter>
    </ClCompile>
    <ClCompile Include="src\s_cat.c">
      <Filter>Source Files</Filter>
    </ClCompile>
    <ClCompile Include="src\s_cmp.c">
      <Filter>Source Files</Filter>
    </ClCompile>
    <ClCompile Include="src\s_copy.c">
      <Filter>Source Files</Filter>
    </ClCompile>
    <ClCompile Include="src\s_paus.c">
      <Filter>Source Files</Filter>
    </ClCompile>
    <ClCompile Include="src\s_rnge.c">
      <Filter>Source Files</Filter>
    </ClCompile>
    <ClCompile Include="src\s_stop.c">
      <Filter>Source Files</Filter>
    </ClCompile>
    <ClCompile Include="src\sfe.c">
      <Filter>Source Files</Filter>
    </ClCompile>
    <ClCompile Include="src\sig_die.c">
      <Filter>Source Files</Filter>
    </ClCompile>
    <ClCompile Include="src\signal_.c">
      <Filter>Source Files</Filter>
    </ClCompile>
    <ClCompile Include="src\sue.c">
      <Filter>Source Files</Filter>
    </ClCompile>
    <ClCompile Include="src\system_.c">
      <Filter>Source Files</Filter>
    </ClCompile>
    <ClCompile Include="src\typesize.c">
      <Filter>Source Files</Filter>
    </ClCompile>
    <ClCompile Include="src\uio.c">
      <Filter>Source Files</Filter>
    </ClCompile>
    <ClCompile Include="src\uninit.c">
      <Filter>Source Files</Filter>
    </ClCompile>
    <ClCompile Include="src\util.c">
      <Filter>Source Files</Filter>
    </ClCompile>
    <ClCompile Include="src\wref.c">
      <Filter>Source Files</Filter>
    </ClCompile>
    <ClCompile Include="src\wrtfmt.c">
      <Filter>Source Files</Filter>
    </ClCompile>
    <ClCompile Include="src\wsfe.c">
      <Filter>Source Files</Filter>
    </ClCompile>
    <ClCompile Include="src\wsle.c">
      <Filter>Source Files</Filter>
    </ClCompile>
    <ClCompile Include="src\wsne.c">
      <Filter>Source Files</Filter>
    </ClCompile>
    <ClCompile Include="src\xwsne.c">
      <Filter>Source Files</Filter>
    </ClCompile>
    <ClCompile Include="src\z_abs.c">
      <Filter>Source Files</Filter>
    </ClCompile>
    <ClCompile Include="src\z_cos.c">
      <Filter>Source Files</Filter>
    </ClCompile>
    <ClCompile Include="src\z_div.c">
      <Filter>Source Files</Filter>
    </ClCompile>
    <ClCompile Include="src\z_exp.c">
      <Filter>Source Files</Filter>
    </ClCompile>
    <ClCompile Include="src\z_log.c">
      <Filter>Source Files</Filter>
    </ClCompile>
    <ClCompile Include="src\arithchk.c">
      <Filter>Source Files</Filter>
    </ClCompile>
  </ItemGroup>
  <ItemGroup>
    <ClInclude Include="src\ctype.h">
      <Filter>Header Files</Filter>
    </ClInclude>
    <ClInclude Include="src\f2c.h">
      <Filter>Header Files</Filter>
    </ClInclude>
    <ClInclude Include="src\fio.h">
      <Filter>Header Files</Filter>
    </ClInclude>
    <ClInclude Include="src\fmt.h">
      <Filter>Header Files</Filter>
    </ClInclude>
    <ClInclude Include="src\fp.h">
      <Filter>Header Files</Filter>
    </ClInclude>
    <ClInclude Include="src\lio.h">
      <Filter>Header Files</Filter>
    </ClInclude>
    <ClInclude Include="src\math.h">
      <Filter>Header Files</Filter>
    </ClInclude>
    <ClInclude Include="src\signal1.h">
      <Filter>Header Files</Filter>
    </ClInclude>
    <ClInclude Include="src\sysdep1.h">
      <Filter>Header Files</Filter>
    </ClInclude>
    <ClInclude Include="src\arith.h">
      <Filter>Header Files</Filter>
    </ClInclude>
  </ItemGroup>
  <ItemGroup>
    <None Include="LICENSE.md" />
    <None Include="README.md" />
  </ItemGroup>
</Project>